
Microsoft Visual Studio Solution File, Format Version 12.00
Project("{2150E333-8FDC-42A3-9474-1A3956D46DE8}") = "src", "src", "{91E2520E-FE57-4E6F-9D8F-7623E2FA08A9}"
EndProject
Project("{2150E333-8FDC-42A3-9474-1A3956D46DE8}") = "Backend", "Backend", "{694FE20A-50BF-431F-829A-F11AEE4069AC}"
EndProject
Project("{2150E333-8FDC-42A3-9474-1A3956D46DE8}") = "Shared", "Shared", "{BF57F89E-9EC0-4694-92E2-5348781E3AE8}"
EndProject
Project("{2150E333-8FDC-42A3-9474-1A3956D46DE8}") = "tests", "tests", "{B31A72ED-4263-4BA9-BA7C-C94CBEC4C322}"
EndProject
Project("{FAE04EC0-301F-11D3-BF4B-00C04F79EFBC}") = "MyCookbook.Communication", "src\Shared\MyCookbook.Communication\MyCookbook.Communication.csproj", "{964BFE96-D1B7-493C-A1C3-CB3C7E3D540E}"
EndProject
Project("{FAE04EC0-301F-11D3-BF4B-00C04F79EFBC}") = "MyCookbook.Exceptions", "src\Shared\MyCookbook.Exceptions\MyCookbook.Exceptions.csproj", "{52418A4B-9D3F-4C1D-BBDC-1FE0803063AE}"
EndProject
Project("{FAE04EC0-301F-11D3-BF4B-00C04F79EFBC}") = "MyCookbook.Application", "src\Backend\MyCookbook.Application\MyCookbook.Application.csproj", "{19379B83-C785-488E-80D5-A3816DDC4932}"
EndProject
Project("{FAE04EC0-301F-11D3-BF4B-00C04F79EFBC}") = "MyCookbook.Domain", "src\Backend\MyCookbook.Domain\MyCookbook.Domain.csproj", "{F6E28583-6BEC-4C53-AE26-C648683573DE}"
EndProject
Project("{FAE04EC0-301F-11D3-BF4B-00C04F79EFBC}") = "MyCookbook.Infrastructure", "src\Backend\MyCookbook.Infrastructure\MyCookbook.Infrastructure.csproj", "{B3F1FB5C-691B-49C7-B15E-5D6E3DD663DA}"
EndProject
Project("{FAE04EC0-301F-11D3-BF4B-00C04F79EFBC}") = "MyCookbook.Api", "src\Backend\MyCookbook.Api\MyCookbook.Api.csproj", "{43DEF1E3-D682-445F-81F3-9631004483B5}"
EndProject
Project("{FAE04EC0-301F-11D3-BF4B-00C04F79EFBC}") = "Validators.Test", "tests\Validators.Test\Validators.Test.csproj", "{19316C6E-00C5-47F4-9167-2F917BCE9059}"
EndProject
Project("{FAE04EC0-301F-11D3-BF4B-00C04F79EFBC}") = "UseCases.Test", "tests\UseCases.Test\UseCases.Test.csproj", "{4D4393B3-596B-4A32-9379-8AC5F00AF899}"
EndProject
Project("{FAE04EC0-301F-11D3-BF4B-00C04F79EFBC}") = "Api.Test", "tests\Api.Test\Api.Test.csproj", "{1F334735-0FDF-4698-A660-95AEBFA87AFE}"
EndProject
Global
	GlobalSection(SolutionConfigurationPlatforms) = preSolution
		Debug|Any CPU = Debug|Any CPU
		Release|Any CPU = Release|Any CPU
	EndGlobalSection
	GlobalSection(NestedProjects) = preSolution
		{694FE20A-50BF-431F-829A-F11AEE4069AC} = {91E2520E-FE57-4E6F-9D8F-7623E2FA08A9}
		{BF57F89E-9EC0-4694-92E2-5348781E3AE8} = {91E2520E-FE57-4E6F-9D8F-7623E2FA08A9}
		{964BFE96-D1B7-493C-A1C3-CB3C7E3D540E} = {BF57F89E-9EC0-4694-92E2-5348781E3AE8}
		{52418A4B-9D3F-4C1D-BBDC-1FE0803063AE} = {BF57F89E-9EC0-4694-92E2-5348781E3AE8}
		{19379B83-C785-488E-80D5-A3816DDC4932} = {694FE20A-50BF-431F-829A-F11AEE4069AC}
		{F6E28583-6BEC-4C53-AE26-C648683573DE} = {694FE20A-50BF-431F-829A-F11AEE4069AC}
		{B3F1FB5C-691B-49C7-B15E-5D6E3DD663DA} = {694FE20A-50BF-431F-829A-F11AEE4069AC}
		{43DEF1E3-D682-445F-81F3-9631004483B5} = {694FE20A-50BF-431F-829A-F11AEE4069AC}
		{19316C6E-00C5-47F4-9167-2F917BCE9059} = {B31A72ED-4263-4BA9-BA7C-C94CBEC4C322}
		{4D4393B3-596B-4A32-9379-8AC5F00AF899} = {B31A72ED-4263-4BA9-BA7C-C94CBEC4C322}
		{1F334735-0FDF-4698-A660-95AEBFA87AFE} = {B31A72ED-4263-4BA9-BA7C-C94CBEC4C322}
	EndGlobalSection
	GlobalSection(ProjectConfigurationPlatforms) = postSolution
		{964BFE96-D1B7-493C-A1C3-CB3C7E3D540E}.Debug|Any CPU.ActiveCfg = Debug|Any CPU
		{964BFE96-D1B7-493C-A1C3-CB3C7E3D540E}.Debug|Any CPU.Build.0 = Debug|Any CPU
		{964BFE96-D1B7-493C-A1C3-CB3C7E3D540E}.Release|Any CPU.ActiveCfg = Release|Any CPU
		{964BFE96-D1B7-493C-A1C3-CB3C7E3D540E}.Release|Any CPU.Build.0 = Release|Any CPU
		{52418A4B-9D3F-4C1D-BBDC-1FE0803063AE}.Debug|Any CPU.ActiveCfg = Debug|Any CPU
		{52418A4B-9D3F-4C1D-BBDC-1FE0803063AE}.Debug|Any CPU.Build.0 = Debug|Any CPU
		{52418A4B-9D3F-4C1D-BBDC-1FE0803063AE}.Release|Any CPU.ActiveCfg = Release|Any CPU
		{52418A4B-9D3F-4C1D-BBDC-1FE0803063AE}.Release|Any CPU.Build.0 = Release|Any CPU
		{19379B83-C785-488E-80D5-A3816DDC4932}.Debug|Any CPU.ActiveCfg = Debug|Any CPU
		{19379B83-C785-488E-80D5-A3816DDC4932}.Debug|Any CPU.Build.0 = Debug|Any CPU
		{19379B83-C785-488E-80D5-A3816DDC4932}.Release|Any CPU.ActiveCfg = Release|Any CPU
		{19379B83-C785-488E-80D5-A3816DDC4932}.Release|Any CPU.Build.0 = Release|Any CPU
		{F6E28583-6BEC-4C53-AE26-C648683573DE}.Debug|Any CPU.ActiveCfg = Debug|Any CPU
		{F6E28583-6BEC-4C53-AE26-C648683573DE}.Debug|Any CPU.Build.0 = Debug|Any CPU
		{F6E28583-6BEC-4C53-AE26-C648683573DE}.Release|Any CPU.ActiveCfg = Release|Any CPU
		{F6E28583-6BEC-4C53-AE26-C648683573DE}.Release|Any CPU.Build.0 = Release|Any CPU
		{B3F1FB5C-691B-49C7-B15E-5D6E3DD663DA}.Debug|Any CPU.ActiveCfg = Debug|Any CPU
		{B3F1FB5C-691B-49C7-B15E-5D6E3DD663DA}.Debug|Any CPU.Build.0 = Debug|Any CPU
		{B3F1FB5C-691B-49C7-B15E-5D6E3DD663DA}.Release|Any CPU.ActiveCfg = Release|Any CPU
		{B3F1FB5C-691B-49C7-B15E-5D6E3DD663DA}.Release|Any CPU.Build.0 = Release|Any CPU
		{43DEF1E3-D682-445F-81F3-9631004483B5}.Debug|Any CPU.ActiveCfg = Debug|Any CPU
		{43DEF1E3-D682-445F-81F3-9631004483B5}.Debug|Any CPU.Build.0 = Debug|Any CPU
		{43DEF1E3-D682-445F-81F3-9631004483B5}.Release|Any CPU.ActiveCfg = Release|Any CPU
		{43DEF1E3-D682-445F-81F3-9631004483B5}.Release|Any CPU.Build.0 = Release|Any CPU
		{19316C6E-00C5-47F4-9167-2F917BCE9059}.Debug|Any CPU.ActiveCfg = Debug|Any CPU
		{19316C6E-00C5-47F4-9167-2F917BCE9059}.Debug|Any CPU.Build.0 = Debug|Any CPU
		{19316C6E-00C5-47F4-9167-2F917BCE9059}.Release|Any CPU.ActiveCfg = Release|Any CPU
		{19316C6E-00C5-47F4-9167-2F917BCE9059}.Release|Any CPU.Build.0 = Release|Any CPU
		{4D4393B3-596B-4A32-9379-8AC5F00AF899}.Debug|Any CPU.ActiveCfg = Debug|Any CPU
		{4D4393B3-596B-4A32-9379-8AC5F00AF899}.Debug|Any CPU.Build.0 = Debug|Any CPU
		{4D4393B3-596B-4A32-9379-8AC5F00AF899}.Release|Any CPU.ActiveCfg = Release|Any CPU
		{4D4393B3-596B-4A32-9379-8AC5F00AF899}.Release|Any CPU.Build.0 = Release|Any CPU
		{1F334735-0FDF-4698-A660-95AEBFA87AFE}.Debug|Any CPU.ActiveCfg = Debug|Any CPU
		{1F334735-0FDF-4698-A660-95AEBFA87AFE}.Debug|Any CPU.Build.0 = Debug|Any CPU
		{1F334735-0FDF-4698-A660-95AEBFA87AFE}.Release|Any CPU.ActiveCfg = Release|Any CPU
		{1F334735-0FDF-4698-A660-95AEBFA87AFE}.Release|Any CPU.Build.0 = Release|Any CPU
	EndGlobalSection
EndGlobal
